<?xml version="1.0" encoding="utf-8"?>
<Project ToolsVersion="4.0" xmlns="http://schemas.microsoft.com/developer/msbuild/2003">
  <ItemGroup>
    <Filter Include="win32">
      <UniqueIdentifier>{84a8ebd7-7cf0-47f6-b75e-d441df67da40}</UniqueIdentifier>
    </Filter>
    <Filter Include="Classes">
      <UniqueIdentifier>{bb6c862e-70e9-49d9-81b7-3829a6f50471}</UniqueIdentifier>
    </Filter>
    <Filter Include="Classes\base">
      <UniqueIdentifier>{ffc24e26-24dc-4ae1-bc0a-ecfd78696a26}</UniqueIdentifier>
    </Filter>
    <Filter Include="Classes\components">
      <UniqueIdentifier>{3d8131a8-3139-44b4-b465-5e6bfafd035a}</UniqueIdentifier>
    </Filter>
    <Filter Include="Classes\common">
      <UniqueIdentifier>{9057ee1c-3720-45f6-87f9-0f96a275e5cb}</UniqueIdentifier>
    </Filter>
    <Filter Include="Classes\scenes">
      <UniqueIdentifier>{de03dd80-c163-43c5-9d2a-eccefab2f525}</UniqueIdentifier>
    </Filter>
    <Filter Include="Classes\utils">
      <UniqueIdentifier>{9776b312-8a44-4e3c-bcb5-b41bdd8cb021}</UniqueIdentifier>
    </Filter>
    <Filter Include="Classes\managers">
      <UniqueIdentifier>{e132a352-feaa-451a-965f-5b6a92a3913c}</UniqueIdentifier>
    </Filter>
  </ItemGroup>
  <ItemGroup>
    <ClCompile Include="main.cpp">
      <Filter>win32</Filter>
    </ClCompile>
    <ClCompile Include="..\Classes\AppDelegate.cpp">
      <Filter>Classes</Filter>
    </ClCompile>
    <ClCompile Include="..\Classes\base\BaseScene.cpp">
      <Filter>Classes\base</Filter>
    </ClCompile>
    <ClCompile Include="..\Classes\scenes\HomeScene.cpp">
      <Filter>Classes\scenes</Filter>
    </ClCompile>
    <ClCompile Include="..\Classes\base\VisibleRect.cpp">
      <Filter>Classes\base</Filter>
    </ClCompile>
    <ClCompile Include="..\Classes\managers\SoundManager.cpp">
      <Filter>Classes\managers</Filter>
    </ClCompile>
  </ItemGroup>
  <ItemGroup>
    <ClInclude Include="main.h">
      <Filter>win32</Filter>
    </ClInclude>
    <ClInclude Include="..\Classes\AppDelegate.h">
      <Filter>Classes</Filter>
    </ClInclude>
    <ClInclude Include="..\Classes\common\common_header.h">
      <Filter>Classes\common</Filter>
    </ClInclude>
    <ClInclude Include="..\Classes\base\BaseScene.h">
      <Filter>Classes\base</Filter>
    </ClInclude>
    <ClInclude Include="..\Classes\scenes\HomeScene.h">
      <Filter>Classes\scenes</Filter>
    </ClInclude>
    <ClInclude Include="..\Classes\base\VisibleRect.h">
      <Filter>Classes\base</Filter>
    </ClInclude>
    <ClInclude Include="..\Classes\managers\SoundManager.h">
      <Filter>Classes\managers</Filter>
    </ClInclude>
    <ClInclude Include="..\Classes\common\userdefault_keys.h">
      <Filter>Classes\common</Filter>
    </ClInclude>
  </ItemGroup>
</Project>