<?xml version="1.0" encoding="utf-8"?>
<Project ToolsVersion="4.0" xmlns="http://schemas.microsoft.com/developer/msbuild/2003">
  <ItemGroup>
    <Filter Include="win32">
      <UniqueIdentifier>{84a8ebd7-7cf0-47f6-b75e-d441df67da40}</UniqueIdentifier>
    </Filter>
    <Filter Include="Classes">
      <UniqueIdentifier>{bb6c862e-70e9-49d9-81b7-3829a6f50471}</UniqueIdentifier>
    </Filter>
    <Filter Include="Classes\base">
      <UniqueIdentifier>{ffc24e26-24dc-4ae1-bc0a-ecfd78696a26}</UniqueIdentifier>
    </Filter>
    <Filter Include="Classes\components">
      <UniqueIdentifier>{3d8131a8-3139-44b4-b465-5e6bfafd035a}</UniqueIdentifier>
    </Filter>
    <Filter Include="Classes\common">
      <UniqueIdentifier>{9057ee1c-3720-45f6-87f9-0f96a275e5cb}</UniqueIdentifier>
    </Filter>
    <Filter Include="Classes\scenes">
      <UniqueIdentifier>{de03dd80-c163-43c5-9d2a-eccefab2f525}</UniqueIdentifier>
    </Filter>
    <Filter Include="Classes\utils">
      <UniqueIdentifier>{9776b312-8a44-4e3c-bcb5-b41bdd8cb021}</UniqueIdentifier>
    </Filter>
    <Filter Include="Classes\managers">
      <UniqueIdentifier>{e132a352-feaa-451a-965f-5b6a92a3913c}</UniqueIdentifier>
    </Filter>
    <Filter Include="Classes\config">
      <UniqueIdentifier>{ae3a2209-a8ce-48e6-93e9-ef3078e0bd48}</UniqueIdentifier>
    </Filter>
    <Filter Include="Classes\rapidxml">
      <UniqueIdentifier>{ac55a038-6e70-4fc7-9958-7eeb34c0035a}</UniqueIdentifier>
    </Filter>
  </ItemGroup>
  <ItemGroup>
    <ClCompile Include="main.cpp">
      <Filter>win32</Filter>
    </ClCompile>
    <ClCompile Include="..\Classes\AppDelegate.cpp">
      <Filter>Classes</Filter>
    </ClCompile>
    <ClCompile Include="..\Classes\base\BaseScene.cpp">
      <Filter>Classes\base</Filter>
    </ClCompile>
    <ClCompile Include="..\Classes\scenes\HomeScene.cpp">
      <Filter>Classes\scenes</Filter>
    </ClCompile>
    <ClCompile Include="..\Classes\base\VisibleRect.cpp">
      <Filter>Classes\base</Filter>
    </ClCompile>
    <ClCompile Include="..\Classes\managers\SoundManager.cpp">
      <Filter>Classes\managers</Filter>
    </ClCompile>
    <ClCompile Include="..\Classes\config\AppStartup.cpp">
      <Filter>Classes\config</Filter>
    </ClCompile>
    <ClCompile Include="..\Classes\base\BaseMenuItemSprite.cpp">
      <Filter>Classes\base</Filter>
    </ClCompile>
    <ClCompile Include="..\Classes\scenes\ClassicScene.cpp">
      <Filter>Classes\scenes</Filter>
    </ClCompile>
    <ClCompile Include="..\Classes\scenes\PandoraScene.cpp">
      <Filter>Classes\scenes</Filter>
    </ClCompile>
    <ClCompile Include="..\Classes\scenes\IcebreakScene.cpp">
      <Filter>Classes\scenes</Filter>
    </ClCompile>
    <ClCompile Include="..\Classes\base\BaseSprite.cpp">
      <Filter>Classes\base</Filter>
    </ClCompile>
    <ClCompile Include="..\Classes\components\PauseMenu.cpp">
      <Filter>Classes\components</Filter>
    </ClCompile>
    <ClCompile Include="..\Classes\components\Bird.cpp">
      <Filter>Classes\components</Filter>
    </ClCompile>
    <ClCompile Include="..\Classes\managers\AnimationManager.cpp">
      <Filter>Classes\managers</Filter>
    </ClCompile>
    <ClCompile Include="..\Classes\managers\ShareManager.cpp">
      <Filter>Classes\managers</Filter>
    </ClCompile>
    <ClCompile Include="..\Classes\util\PuzzleUtil.cpp">
      <Filter>Classes\utils</Filter>
    </ClCompile>
    <ClCompile Include="..\Classes\components\ForbiddenLayer.cpp">
      <Filter>Classes\components</Filter>
    </ClCompile>
    <ClCompile Include="..\Classes\scenes\SettingScene.cpp">
      <Filter>Classes\scenes</Filter>
    </ClCompile>
  </ItemGroup>
  <ItemGroup>
    <ClInclude Include="main.h">
      <Filter>win32</Filter>
    </ClInclude>
    <ClInclude Include="..\Classes\AppDelegate.h">
      <Filter>Classes</Filter>
    </ClInclude>
    <ClInclude Include="..\Classes\common\common_header.h">
      <Filter>Classes\common</Filter>
    </ClInclude>
    <ClInclude Include="..\Classes\base\BaseScene.h">
      <Filter>Classes\base</Filter>
    </ClInclude>
    <ClInclude Include="..\Classes\scenes\HomeScene.h">
      <Filter>Classes\scenes</Filter>
    </ClInclude>
    <ClInclude Include="..\Classes\base\VisibleRect.h">
      <Filter>Classes\base</Filter>
    </ClInclude>
    <ClInclude Include="..\Classes\managers\SoundManager.h">
      <Filter>Classes\managers</Filter>
    </ClInclude>
    <ClInclude Include="..\Classes\common\userdefault_keys.h">
      <Filter>Classes\common</Filter>
    </ClInclude>
    <ClInclude Include="..\Classes\config\AppStartup.h">
      <Filter>Classes\config</Filter>
    </ClInclude>
    <ClInclude Include="..\Classes\base\BaseMenuItemSprite.h">
      <Filter>Classes\base</Filter>
    </ClInclude>
    <ClInclude Include="..\Classes\scenes\ClassicScene.h">
      <Filter>Classes\scenes</Filter>
    </ClInclude>
    <ClInclude Include="..\Classes\scenes\PandoraScene.h">
      <Filter>Classes\scenes</Filter>
    </ClInclude>
    <ClInclude Include="..\Classes\scenes\IcebreakScene.h">
      <Filter>Classes\scenes</Filter>
    </ClInclude>
    <ClInclude Include="..\Classes\base\BaseSprite.h">
      <Filter>Classes\base</Filter>
    </ClInclude>
    <ClInclude Include="..\Classes\components\PauseMenu.h">
      <Filter>Classes\components</Filter>
    </ClInclude>
    <ClInclude Include="..\Classes\common\notifications_names.h">
      <Filter>Classes\common</Filter>
    </ClInclude>
    <ClInclude Include="..\Classes\components\Bird.h">
      <Filter>Classes\components</Filter>
    </ClInclude>
    <ClInclude Include="..\Classes\managers\AnimationManager.h">
      <Filter>Classes\managers</Filter>
    </ClInclude>
    <ClInclude Include="..\Classes\managers\ShareManager.h">
      <Filter>Classes\managers</Filter>
    </ClInclude>
    <ClInclude Include="..\Classes\util\PuzzleUtil.h">
      <Filter>Classes\utils</Filter>
    </ClInclude>
    <ClInclude Include="..\Classes\components\ForbiddenLayer.h">
      <Filter>Classes\components</Filter>
    </ClInclude>
    <ClInclude Include="..\Classes\scenes\SettingScene.h">
      <Filter>Classes\scenes</Filter>
    </ClInclude>
    <ClInclude Include="..\Classes\rapidxml\rapidxml.hpp">
      <Filter>Classes\rapidxml</Filter>
    </ClInclude>
    <ClInclude Include="..\Classes\rapidxml\rapidxml_iterators.hpp">
      <Filter>Classes\rapidxml</Filter>
    </ClInclude>
    <ClInclude Include="..\Classes\rapidxml\rapidxml_print.hpp">
      <Filter>Classes\rapidxml</Filter>
    </ClInclude>
    <ClInclude Include="..\Classes\rapidxml\rapidxml_utils.hpp">
      <Filter>Classes\rapidxml</Filter>
    </ClInclude>
  </ItemGroup>
</Project>